{
  "name": "note-hub",
  "version": "0.0.0",
  "lockfileVersion": 2,
  "requires": true,
  "packages": {
    "": {
      "name": "note-hub",
      "version": "0.0.0",
      "dependencies": {
        "@angular/platform-browser-dynamic": "^16.2.11"
      },
      "devDependencies": {
        "java-parser": "~2.0.4",
        "prettier": "~2.8.7",
        "prettier-plugin-java": "^1.6.2"
      }
    },
    "node_modules/@angular/common": {
      "version": "16.2.11",
      "resolved": "https://registry.npmjs.org/@angular/common/-/common-16.2.11.tgz",
      "integrity": "sha512-h80WUR2OYlqxQy+4XgNtWT2vB+vZ6oCrFX/q8cU5jAvbvGQfJuH0zfcbSlUflStmAhk5/OT25F0mt96cqapEAw==",
      "peer": true,
      "dependencies": {
        "tslib": "^2.3.0"
      },
      "engines": {
        "node": "^16.14.0 || >=18.10.0"
      },
      "peerDependencies": {
        "@angular/core": "16.2.11",
        "rxjs": "^6.5.3 || ^7.4.0"
      }
    },
    "node_modules/@angular/compiler": {
      "version": "16.2.11",
      "resolved": "https://registry.npmjs.org/@angular/compiler/-/compiler-16.2.11.tgz",
      "integrity": "sha512-9q/E3uurvoQbdTTWDyWCLpzmfJ4+et7SUca1/EljD/X7Xg2FNU5GpTMutBtWFL7wDyWk1oswivuq9/C4GVW7fA==",
      "peer": true,
      "dependencies": {
        "tslib": "^2.3.0"
      },
      "engines": {
        "node": "^16.14.0 || >=18.10.0"
      },
      "peerDependencies": {
        "@angular/core": "16.2.11"
      },
      "peerDependenciesMeta": {
        "@angular/core": {
          "optional": true
        }
      }
    },
    "node_modules/@angular/core": {
      "version": "16.2.11",
      "resolved": "https://registry.npmjs.org/@angular/core/-/core-16.2.11.tgz",
      "integrity": "sha512-Jb+7/p1vczQRQ3iC1QxUS5cE4X1hPVAvbrFnyMpSx6Pq5o274v/lK6PvhUZrfKrp9FxFp9pN+WHjUqNFqOuJZg==",
      "peer": true,
      "dependencies": {
        "tslib": "^2.3.0"
      },
      "engines": {
        "node": "^16.14.0 || >=18.10.0"
      },
      "peerDependencies": {
        "rxjs": "^6.5.3 || ^7.4.0",
        "zone.js": "~0.13.0"
      }
    },
    "node_modules/@angular/platform-browser": {
      "version": "16.2.11",
      "resolved": "https://registry.npmjs.org/@angular/platform-browser/-/platform-browser-16.2.11.tgz",
      "integrity": "sha512-gUptbI3lbaRg+L8rcTlxKtFunYmR/M/mm9/l9uRd+5qk2mnFI0+s/tzRoaq7K0XaRGKZiWLNTz6FTkviO1zo2g==",
      "peer": true,
      "dependencies": {
        "tslib": "^2.3.0"
      },
      "engines": {
        "node": "^16.14.0 || >=18.10.0"
      },
      "peerDependencies": {
        "@angular/animations": "16.2.11",
        "@angular/common": "16.2.11",
        "@angular/core": "16.2.11"
      },
      "peerDependenciesMeta": {
        "@angular/animations": {
          "optional": true
        }
      }
    },
    "node_modules/@angular/platform-browser-dynamic": {
      "version": "16.2.11",
      "resolved": "https://registry.npmjs.org/@angular/platform-browser-dynamic/-/platform-browser-dynamic-16.2.11.tgz",
      "integrity": "sha512-e+A7z6MUJaqC4Fdq7XQfIhAox3ZPM1lczM6G08fUKPbFDEe+c9i7C8YRLL+69BXDuG790btugIeOQcn5lnJcFg==",
      "dependencies": {
        "tslib": "^2.3.0"
      },
      "engines": {
        "node": "^16.14.0 || >=18.10.0"
      },
      "peerDependencies": {
        "@angular/common": "16.2.11",
        "@angular/compiler": "16.2.11",
        "@angular/core": "16.2.11",
        "@angular/platform-browser": "16.2.11"
      }
    },
    "node_modules/chevrotain": {
      "version": "6.5.0",
      "resolved": "https://registry.npmjs.org/chevrotain/-/chevrotain-6.5.0.tgz",
      "integrity": "sha512-BwqQ/AgmKJ8jcMEjaSnfMybnKMgGTrtDKowfTP3pX4jwVy0kNjRsT/AP6h+wC3+3NC+X8X15VWBnTCQlX+wQFg==",
      "dev": true,
      "dependencies": {
        "regexp-to-ast": "0.4.0"
      }
    },
    "node_modules/java-parser": {
      "version": "2.0.5",
      "resolved": "https://registry.npmjs.org/java-parser/-/java-parser-2.0.5.tgz",
      "integrity": "sha512-AwieTO24Itcu0GgP9pBXs8gkqBtkmReclpBgXF4NkbIjdS7cn7hqpebjTmb5ouYYLFR+m3yh5fR3nW1NRrthdg==",
      "dev": true,
      "dependencies": {
        "chevrotain": "6.5.0",
        "lodash": "4.17.21"
      }
    },
    "node_modules/lodash": {
      "version": "4.17.21",
      "resolved": "https://registry.npmjs.org/lodash/-/lodash-4.17.21.tgz",
      "integrity": "sha512-v2kDEe57lecTulaDIuNTPy3Ry4gLGJ6Z1O3vE1krgXZNrsQ+LFTGHVxVjcXPs17LhbZVGedAJv8XZ1tvj5FvSg==",
      "dev": true
    },
    "node_modules/prettier": {
      "version": "2.8.8",
      "resolved": "https://registry.npmjs.org/prettier/-/prettier-2.8.8.tgz",
      "integrity": "sha512-tdN8qQGvNjw4CHbY+XXk0JgCXn9QiF21a55rBe5LJAU+kDyC4WQn4+awm2Xfk2lQMk5fKup9XgzTZtGkjBdP9Q==",
      "dev": true,
      "bin": {
        "prettier": "bin-prettier.js"
      },
      "engines": {
        "node": ">=10.13.0"
      },
      "funding": {
        "url": "https://github.com/prettier/prettier?sponsor=1"
      }
    },
    "node_modules/prettier-plugin-java": {
      "version": "1.6.2",
      "resolved": "https://registry.npmjs.org/prettier-plugin-java/-/prettier-plugin-java-1.6.2.tgz",
      "integrity": "sha512-oVIUOkx50eb9skdRtEIU7MJUsizQ1ZocgXR1w1o8AnieNGpuPI/2pWnpjtbBm9wUG1dHtBGU8cVIr8h+xgzQIg==",
      "dev": true,
      "dependencies": {
        "java-parser": "2.0.2",
        "lodash": "4.17.21",
        "prettier": "2.3.1"
      }
    },
    "node_modules/prettier-plugin-java/node_modules/java-parser": {
      "version": "2.0.2",
      "resolved": "https://registry.npmjs.org/java-parser/-/java-parser-2.0.2.tgz",
      "integrity": "sha512-fwv1eDYE4OIAN+XS7cD8aB7UdQyAh3Uz36ydWqemvnDKXEdLbxq7qIbvsjpSvS1NHFR+r81N7AjGcpnamjVxJw==",
      "dev": true,
      "dependencies": {
        "chevrotain": "6.5.0",
        "lodash": "4.17.21"
      }
    },
    "node_modules/prettier-plugin-java/node_modules/prettier": {
      "version": "2.3.1",
      "resolved": "https://registry.npmjs.org/prettier/-/prettier-2.3.1.tgz",
      "integrity": "sha512-p+vNbgpLjif/+D+DwAZAbndtRrR0md0MwfmOVN9N+2RgyACMT+7tfaRnT+WDPkqnuVwleyuBIG2XBxKDme3hPA==",
      "dev": true,
      "bin": {
        "prettier": "bin-prettier.js"
      },
      "engines": {
        "node": ">=10.13.0"
      }
    },
    "node_modules/regexp-to-ast": {
      "version": "0.4.0",
      "resolved": "https://registry.npmjs.org/regexp-to-ast/-/regexp-to-ast-0.4.0.tgz",
      "integrity": "sha512-4qf/7IsIKfSNHQXSwial1IFmfM1Cc/whNBQqRwe0V2stPe7KmN1U0tWQiIx6JiirgSrisjE0eECdNf7Tav1Ntw==",
      "dev": true
    },
    "node_modules/rxjs": {
      "version": "7.8.1",
      "resolved": "https://registry.npmjs.org/rxjs/-/rxjs-7.8.1.tgz",
      "integrity": "sha512-AA3TVj+0A2iuIoQkWEK/tqFjBq2j+6PO6Y0zJcvzLAFhEFIO3HL0vls9hWLncZbAAbK0mar7oZ4V079I/qPMxg==",
      "peer": true,
      "dependencies": {
        "tslib": "^2.1.0"
      }
    },
    "node_modules/tslib": {
      "version": "2.6.2",
      "resolved": "https://registry.npmjs.org/tslib/-/tslib-2.6.2.tgz",
      "integrity": "sha512-AEYxH93jGFPn/a2iVAwW87VuUIkR1FVUKB77NwMF7nBTDkDrrT/Hpt/IrCJ0QXhW27jTBDcf5ZY7w6RiqTMw2Q=="
    },
    "node_modules/zone.js": {
      "version": "0.13.3",
      "resolved": "https://registry.npmjs.org/zone.js/-/zone.js-0.13.3.tgz",
      "integrity": "sha512-MKPbmZie6fASC/ps4dkmIhaT5eonHkEt6eAy80K42tAm0G2W+AahLJjbfi6X9NPdciOE9GRFTTM8u2IiF6O3ww==",
      "peer": true,
      "dependencies": {
        "tslib": "^2.3.0"
      }
    }
  },
  "dependencies": {
    "@angular/common": {
      "version": "16.2.11",
      "resolved": "https://registry.npmjs.org/@angular/common/-/common-16.2.11.tgz",
      "integrity": "sha512-h80WUR2OYlqxQy+4XgNtWT2vB+vZ6oCrFX/q8cU5jAvbvGQfJuH0zfcbSlUflStmAhk5/OT25F0mt96cqapEAw==",
      "peer": true,
      "requires": {
        "tslib": "^2.3.0"
      }
    },
    "@angular/compiler": {
      "version": "16.2.11",
      "resolved": "https://registry.npmjs.org/@angular/compiler/-/compiler-16.2.11.tgz",
      "integrity": "sha512-9q/E3uurvoQbdTTWDyWCLpzmfJ4+et7SUca1/EljD/X7Xg2FNU5GpTMutBtWFL7wDyWk1oswivuq9/C4GVW7fA==",
      "peer": true,
      "requires": {
        "tslib": "^2.3.0"
      }
    },
    "@angular/core": {
      "version": "16.2.11",
      "resolved": "https://registry.npmjs.org/@angular/core/-/core-16.2.11.tgz",
      "integrity": "sha512-Jb+7/p1vczQRQ3iC1QxUS5cE4X1hPVAvbrFnyMpSx6Pq5o274v/lK6PvhUZrfKrp9FxFp9pN+WHjUqNFqOuJZg==",
      "peer": true,
      "requires": {
        "tslib": "^2.3.0"
      }
    },
    "@angular/platform-browser": {
      "version": "16.2.11",
      "resolved": "https://registry.npmjs.org/@angular/platform-browser/-/platform-browser-16.2.11.tgz",
      "integrity": "sha512-gUptbI3lbaRg+L8rcTlxKtFunYmR/M/mm9/l9uRd+5qk2mnFI0+s/tzRoaq7K0XaRGKZiWLNTz6FTkviO1zo2g==",
      "peer": true,
      "requires": {
        "tslib": "^2.3.0"
      }
    },
    "@angular/platform-browser-dynamic": {
      "version": "16.2.11",
      "resolved": "https://registry.npmjs.org/@angular/platform-browser-dynamic/-/platform-browser-dynamic-16.2.11.tgz",
      "integrity": "sha512-e+A7z6MUJaqC4Fdq7XQfIhAox3ZPM1lczM6G08fUKPbFDEe+c9i7C8YRLL+69BXDuG790btugIeOQcn5lnJcFg==",
      "requires": {
        "tslib": "^2.3.0"
      }
    },
    "chevrotain": {
      "version": "6.5.0",
      "resolved": "https://registry.npmjs.org/chevrotain/-/chevrotain-6.5.0.tgz",
      "integrity": "sha512-BwqQ/AgmKJ8jcMEjaSnfMybnKMgGTrtDKowfTP3pX4jwVy0kNjRsT/AP6h+wC3+3NC+X8X15VWBnTCQlX+wQFg==",
      "dev": true,
      "requires": {
        "regexp-to-ast": "0.4.0"
      }
    },
    "java-parser": {
      "version": "2.0.5",
      "resolved": "https://registry.npmjs.org/java-parser/-/java-parser-2.0.5.tgz",
      "integrity": "sha512-AwieTO24Itcu0GgP9pBXs8gkqBtkmReclpBgXF4NkbIjdS7cn7hqpebjTmb5ouYYLFR+m3yh5fR3nW1NRrthdg==",
      "dev": true,
      "requires": {
        "chevrotain": "6.5.0",
        "lodash": "4.17.21"
      }
    },
    "lodash": {
      "version": "4.17.21",
      "resolved": "https://registry.npmjs.org/lodash/-/lodash-4.17.21.tgz",
      "integrity": "sha512-v2kDEe57lecTulaDIuNTPy3Ry4gLGJ6Z1O3vE1krgXZNrsQ+LFTGHVxVjcXPs17LhbZVGedAJv8XZ1tvj5FvSg==",
      "dev": true
    },
    "prettier": {
      "version": "2.8.8",
      "resolved": "https://registry.npmjs.org/prettier/-/prettier-2.8.8.tgz",
      "integrity": "sha512-tdN8qQGvNjw4CHbY+XXk0JgCXn9QiF21a55rBe5LJAU+kDyC4WQn4+awm2Xfk2lQMk5fKup9XgzTZtGkjBdP9Q==",
      "dev": true
    },
    "prettier-plugin-java": {
      "version": "1.6.2",
      "resolved": "https://registry.npmjs.org/prettier-plugin-java/-/prettier-plugin-java-1.6.2.tgz",
      "integrity": "sha512-oVIUOkx50eb9skdRtEIU7MJUsizQ1ZocgXR1w1o8AnieNGpuPI/2pWnpjtbBm9wUG1dHtBGU8cVIr8h+xgzQIg==",
      "dev": true,
      "requires": {
        "java-parser": "2.0.2",
        "lodash": "4.17.21",
        "prettier": "2.3.1"
      },
      "dependencies": {
        "java-parser": {
          "version": "2.0.2",
          "resolved": "https://registry.npmjs.org/java-parser/-/java-parser-2.0.2.tgz",
          "integrity": "sha512-fwv1eDYE4OIAN+XS7cD8aB7UdQyAh3Uz36ydWqemvnDKXEdLbxq7qIbvsjpSvS1NHFR+r81N7AjGcpnamjVxJw==",
          "dev": true,
          "requires": {
            "chevrotain": "6.5.0",
            "lodash": "4.17.21"
          }
        },
        "prettier": {
          "version": "2.3.1",
          "resolved": "https://registry.npmjs.org/prettier/-/prettier-2.3.1.tgz",
          "integrity": "sha512-p+vNbgpLjif/+D+DwAZAbndtRrR0md0MwfmOVN9N+2RgyACMT+7tfaRnT+WDPkqnuVwleyuBIG2XBxKDme3hPA==",
          "dev": true
        }
      }
    },
    "regexp-to-ast": {
      "version": "0.4.0",
      "resolved": "https://registry.npmjs.org/regexp-to-ast/-/regexp-to-ast-0.4.0.tgz",
      "integrity": "sha512-4qf/7IsIKfSNHQXSwial1IFmfM1Cc/whNBQqRwe0V2stPe7KmN1U0tWQiIx6JiirgSrisjE0eECdNf7Tav1Ntw==",
      "dev": true
    },
    "rxjs": {
      "version": "7.8.1",
      "resolved": "https://registry.npmjs.org/rxjs/-/rxjs-7.8.1.tgz",
      "integrity": "sha512-AA3TVj+0A2iuIoQkWEK/tqFjBq2j+6PO6Y0zJcvzLAFhEFIO3HL0vls9hWLncZbAAbK0mar7oZ4V079I/qPMxg==",
      "peer": true,
      "requires": {
        "tslib": "^2.1.0"
      }
    },
    "tslib": {
      "version": "2.6.2",
      "resolved": "https://registry.npmjs.org/tslib/-/tslib-2.6.2.tgz",
      "integrity": "sha512-AEYxH93jGFPn/a2iVAwW87VuUIkR1FVUKB77NwMF7nBTDkDrrT/Hpt/IrCJ0QXhW27jTBDcf5ZY7w6RiqTMw2Q=="
    },
    "zone.js": {
      "version": "0.13.3",
      "resolved": "https://registry.npmjs.org/zone.js/-/zone.js-0.13.3.tgz",
      "integrity": "sha512-MKPbmZie6fASC/ps4dkmIhaT5eonHkEt6eAy80K42tAm0G2W+AahLJjbfi6X9NPdciOE9GRFTTM8u2IiF6O3ww==",
      "peer": true,
      "requires": {
        "tslib": "^2.3.0"
      }
    }
  }
}
